
Microsoft Visual Studio Solution File, Format Version 12.00
# Visual Studio 14
VisualStudioVersion = 14.0.24720.0
MinimumVisualStudioVersion = 10.0.40219.1
Project("{FAE04EC0-301F-11D3-BF4B-00C04F79EFBC}") = "SslRedirectMiddleware", "Larswise.Redirect\SslRedirectMiddleware.csproj", "{9EA65198-37DB-4D2B-BE27-6300DFC89CAE}"
EndProject
Project("{2150E333-8FDC-42A3-9474-1A3956D46DE8}") = "SolutionItems", "SolutionItems", "{6AEB322C-70DC-4CD3-85CC-2C5D304399C1}"
	ProjectSection(SolutionItems) = preProject
		Readme.md = Readme.md
	EndProjectSection
EndProject
Global
	GlobalSection(SolutionConfigurationPlatforms) = preSolution
		Debug|Any CPU = Debug|Any CPU
		Release|Any CPU = Release|Any CPU
	EndGlobalSection
	GlobalSection(ProjectConfigurationPlatforms) = postSolution
		{9EA65198-37DB-4D2B-BE27-6300DFC89CAE}.Debug|Any CPU.ActiveCfg = Debug|Any CPU
		{9EA65198-37DB-4D2B-BE27-6300DFC89CAE}.Debug|Any CPU.Build.0 = Debug|Any CPU
		{9EA65198-37DB-4D2B-BE27-6300DFC89CAE}.Release|Any CPU.ActiveCfg = Release|Any CPU
		{9EA65198-37DB-4D2B-BE27-6300DFC89CAE}.Release|Any CPU.Build.0 = Release|Any CPU
	EndGlobalSection
	GlobalSection(SolutionProperties) = preSolution
		HideSolutionNode = FALSE
	EndGlobalSection
EndGlobal
